
Microsoft Visual Studio Solution File, Format Version 12.00
# Visual Studio Version 16
VisualStudioVersion = 16.0.31321.278
MinimumVisualStudioVersion = 10.0.40219.1
Project("{9A19103F-16F7-4668-BE54-9A1E7A4F7556}") = "InvocationContext", "InvocationContext\InvocationContext.csproj", "{C78D7D10-5C4D-467C-ACDE-EFD78DDDE262}"
EndProject
Project("{FAE04EC0-301F-11D3-BF4B-00C04F79EFBC}") = "InvocationContext.Tests", "..\tests\InvocationContext.Tests\InvocationContext.Tests.csproj", "{3CA80837-E7AB-49C2-B048-73773C6B4644}"
EndProject
Project("{FAE04EC0-301F-11D3-BF4B-00C04F79EFBC}") = "InvocationContext.EntityFrameworkCore", "InvocationContext.EntityFrameworkCore\InvocationContext.EntityFrameworkCore.csproj", "{7B2632C5-3E84-485F-9C2A-7DE373D7B726}"
EndProject
Global
	GlobalSection(SolutionConfigurationPlatforms) = preSolution
		Debug|Any CPU = Debug|Any CPU
		Release|Any CPU = Release|Any CPU
	EndGlobalSection
	GlobalSection(ProjectConfigurationPlatforms) = postSolution
		{C78D7D10-5C4D-467C-ACDE-EFD78DDDE262}.Debug|Any CPU.ActiveCfg = Debug|Any CPU
		{C78D7D10-5C4D-467C-ACDE-EFD78DDDE262}.Debug|Any CPU.Build.0 = Debug|Any CPU
		{C78D7D10-5C4D-467C-ACDE-EFD78DDDE262}.Release|Any CPU.ActiveCfg = Release|Any CPU
		{C78D7D10-5C4D-467C-ACDE-EFD78DDDE262}.Release|Any CPU.Build.0 = Release|Any CPU
		{3CA80837-E7AB-49C2-B048-73773C6B4644}.Debug|Any CPU.ActiveCfg = Debug|Any CPU
		{3CA80837-E7AB-49C2-B048-73773C6B4644}.Debug|Any CPU.Build.0 = Debug|Any CPU
		{3CA80837-E7AB-49C2-B048-73773C6B4644}.Release|Any CPU.ActiveCfg = Release|Any CPU
		{3CA80837-E7AB-49C2-B048-73773C6B4644}.Release|Any CPU.Build.0 = Release|Any CPU
		{7B2632C5-3E84-485F-9C2A-7DE373D7B726}.Debug|Any CPU.ActiveCfg = Debug|Any CPU
		{7B2632C5-3E84-485F-9C2A-7DE373D7B726}.Debug|Any CPU.Build.0 = Debug|Any CPU
		{7B2632C5-3E84-485F-9C2A-7DE373D7B726}.Release|Any CPU.ActiveCfg = Release|Any CPU
		{7B2632C5-3E84-485F-9C2A-7DE373D7B726}.Release|Any CPU.Build.0 = Release|Any CPU
	EndGlobalSection
	GlobalSection(SolutionProperties) = preSolution
		HideSolutionNode = FALSE
	EndGlobalSection
	GlobalSection(ExtensibilityGlobals) = postSolution
		SolutionGuid = {A56F124F-9E9D-426B-AF30-15E1626C2D6F}
	EndGlobalSection
EndGlobal
